Microsoft Visual Studio Solution File, Format Version 12.00
# Visual Studio Version 16
VisualStudioVersion = 16.0.28729.10
MinimumVisualStudioVersion = 15.0.26124.0
Project("{9A19103F-16F7-4668-BE54-9A1E7A4F7556}") = "AliceMQ", "AliceMQ\AliceMQ.csproj", "{04DFB2C7-4862-4F57-947C-9D67D464C167}"
EndProject
Project("{9A19103F-16F7-4668-BE54-9A1E7A4F7556}") = "Tests", "Tests\Tests.csproj", "{E811D5E3-EACB-4607-8F22-D0362986823D}"
EndProject
Project("{9A19103F-16F7-4668-BE54-9A1E7A4F7556}") = "App", "App\App.csproj", "{7616C012-0461-44CB-96CC-05526CBCE661}"
EndProject
Project("{6EC3EE1D-3C4E-46DD-8F32-0CC8E7565705}") = "Alice.Domain", "Alice.Domain\Alice.Domain.fsproj", "{20778AF3-D565-44A8-A551-979572FF0CC7}"
EndProject
Project("{FAE04EC0-301F-11D3-BF4B-00C04F79EFBC}") = "PubSubTest", "PubSubTest\PubSubTest.csproj", "{54986201-E68E-4A37-995C-55825B052438}"
EndProject
Global
	GlobalSection(SolutionConfigurationPlatforms) = preSolution
		Debug|Any CPU = Debug|Any CPU
		Debug|x64 = Debug|x64
		Debug|x86 = Debug|x86
		Release|Any CPU = Release|Any CPU
		Release|x64 = Release|x64
		Release|x86 = Release|x86
	EndGlobalSection
	GlobalSection(ProjectConfigurationPlatforms) = postSolution
		{04DFB2C7-4862-4F57-947C-9D67D464C167}.Debug|Any CPU.ActiveCfg = Debug|Any CPU
		{04DFB2C7-4862-4F57-947C-9D67D464C167}.Debug|Any CPU.Build.0 = Debug|Any CPU
		{04DFB2C7-4862-4F57-947C-9D67D464C167}.Debug|x64.ActiveCfg = Debug|Any CPU
		{04DFB2C7-4862-4F57-947C-9D67D464C167}.Debug|x64.Build.0 = Debug|Any CPU
		{04DFB2C7-4862-4F57-947C-9D67D464C167}.Debug|x86.ActiveCfg = Debug|Any CPU
		{04DFB2C7-4862-4F57-947C-9D67D464C167}.Debug|x86.Build.0 = Debug|Any CPU
		{04DFB2C7-4862-4F57-947C-9D67D464C167}.Release|Any CPU.ActiveCfg = Release|Any CPU
		{04DFB2C7-4862-4F57-947C-9D67D464C167}.Release|Any CPU.Build.0 = Release|Any CPU
		{04DFB2C7-4862-4F57-947C-9D67D464C167}.Release|x64.ActiveCfg = Release|Any CPU
		{04DFB2C7-4862-4F57-947C-9D67D464C167}.Release|x64.Build.0 = Release|Any CPU
		{04DFB2C7-4862-4F57-947C-9D67D464C167}.Release|x86.ActiveCfg = Release|Any CPU
		{04DFB2C7-4862-4F57-947C-9D67D464C167}.Release|x86.Build.0 = Release|Any CPU
		{E811D5E3-EACB-4607-8F22-D0362986823D}.Debug|Any CPU.ActiveCfg = Debug|Any CPU
		{E811D5E3-EACB-4607-8F22-D0362986823D}.Debug|Any CPU.Build.0 = Debug|Any CPU
		{E811D5E3-EACB-4607-8F22-D0362986823D}.Debug|x64.ActiveCfg = Debug|Any CPU
		{E811D5E3-EACB-4607-8F22-D0362986823D}.Debug|x64.Build.0 = Debug|Any CPU
		{E811D5E3-EACB-4607-8F22-D0362986823D}.Debug|x86.ActiveCfg = Debug|Any CPU
		{E811D5E3-EACB-4607-8F22-D0362986823D}.Debug|x86.Build.0 = Debug|Any CPU
		{E811D5E3-EACB-4607-8F22-D0362986823D}.Release|Any CPU.ActiveCfg = Release|Any CPU
		{E811D5E3-EACB-4607-8F22-D0362986823D}.Release|Any CPU.Build.0 = Release|Any CPU
		{E811D5E3-EACB-4607-8F22-D0362986823D}.Release|x64.ActiveCfg = Release|Any CPU
		{E811D5E3-EACB-4607-8F22-D0362986823D}.Release|x64.Build.0 = Release|Any CPU
		{E811D5E3-EACB-4607-8F22-D0362986823D}.Release|x86.ActiveCfg = Release|Any CPU
		{E811D5E3-EACB-4607-8F22-D0362986823D}.Release|x86.Build.0 = Release|Any CPU
		{7616C012-0461-44CB-96CC-05526CBCE661}.Debug|Any CPU.ActiveCfg = Debug|Any CPU
		{7616C012-0461-44CB-96CC-05526CBCE661}.Debug|Any CPU.Build.0 = Debug|Any CPU
		{7616C012-0461-44CB-96CC-05526CBCE661}.Debug|x64.ActiveCfg = Debug|Any CPU
		{7616C012-0461-44CB-96CC-05526CBCE661}.Debug|x64.Build.0 = Debug|Any CPU
		{7616C012-0461-44CB-96CC-05526CBCE661}.Debug|x86.ActiveCfg = Debug|Any CPU
		{7616C012-0461-44CB-96CC-05526CBCE661}.Debug|x86.Build.0 = Debug|Any CPU
		{7616C012-0461-44CB-96CC-05526CBCE661}.Release|Any CPU.ActiveCfg = Release|Any CPU
		{7616C012-0461-44CB-96CC-05526CBCE661}.Release|Any CPU.Build.0 = Release|Any CPU
		{7616C012-0461-44CB-96CC-05526CBCE661}.Release|x64.ActiveCfg = Release|Any CPU
		{7616C012-0461-44CB-96CC-05526CBCE661}.Release|x64.Build.0 = Release|Any CPU
		{7616C012-0461-44CB-96CC-05526CBCE661}.Release|x86.ActiveCfg = Release|Any CPU
		{7616C012-0461-44CB-96CC-05526CBCE661}.Release|x86.Build.0 = Release|Any CPU
		{20778AF3-D565-44A8-A551-979572FF0CC7}.Debug|Any CPU.ActiveCfg = Debug|Any CPU
		{20778AF3-D565-44A8-A551-979572FF0CC7}.Debug|Any CPU.Build.0 = Debug|Any CPU
		{20778AF3-D565-44A8-A551-979572FF0CC7}.Debug|x64.ActiveCfg = Debug|Any CPU
		{20778AF3-D565-44A8-A551-979572FF0CC7}.Debug|x64.Build.0 = Debug|Any CPU
		{20778AF3-D565-44A8-A551-979572FF0CC7}.Debug|x86.ActiveCfg = Debug|Any CPU
		{20778AF3-D565-44A8-A551-979572FF0CC7}.Debug|x86.Build.0 = Debug|Any CPU
		{20778AF3-D565-44A8-A551-979572FF0CC7}.Release|Any CPU.ActiveCfg = Release|Any CPU
		{20778AF3-D565-44A8-A551-979572FF0CC7}.Release|Any CPU.Build.0 = Release|Any CPU
		{20778AF3-D565-44A8-A551-979572FF0CC7}.Release|x64.ActiveCfg = Release|Any CPU
		{20778AF3-D565-44A8-A551-979572FF0CC7}.Release|x64.Build.0 = Release|Any CPU
		{20778AF3-D565-44A8-A551-979572FF0CC7}.Release|x86.ActiveCfg = Release|Any CPU
		{20778AF3-D565-44A8-A551-979572FF0CC7}.Release|x86.Build.0 = Release|Any CPU
		{54986201-E68E-4A37-995C-55825B052438}.Debug|Any CPU.ActiveCfg = Debug|Any CPU
		{54986201-E68E-4A37-995C-55825B052438}.Debug|Any CPU.Build.0 = Debug|Any CPU
		{54986201-E68E-4A37-995C-55825B052438}.Debug|x64.ActiveCfg = Debug|Any CPU
		{54986201-E68E-4A37-995C-55825B052438}.Debug|x64.Build.0 = Debug|Any CPU
		{54986201-E68E-4A37-995C-55825B052438}.Debug|x86.ActiveCfg = Debug|Any CPU
		{54986201-E68E-4A37-995C-55825B052438}.Debug|x86.Build.0 = Debug|Any CPU
		{54986201-E68E-4A37-995C-55825B052438}.Release|Any CPU.ActiveCfg = Release|Any CPU
		{54986201-E68E-4A37-995C-55825B052438}.Release|Any CPU.Build.0 = Release|Any CPU
		{54986201-E68E-4A37-995C-55825B052438}.Release|x64.ActiveCfg = Release|Any CPU
		{54986201-E68E-4A37-995C-55825B052438}.Release|x64.Build.0 = Release|Any CPU
		{54986201-E68E-4A37-995C-55825B052438}.Release|x86.ActiveCfg = Release|Any CPU
		{54986201-E68E-4A37-995C-55825B052438}.Release|x86.Build.0 = Release|Any CPU
	EndGlobalSection
	GlobalSection(SolutionProperties) = preSolution
		HideSolutionNode = FALSE
	EndGlobalSection
	GlobalSection(ExtensibilityGlobals) = postSolution
		SolutionGuid = {5F81AD86-F575-4CD9-B15F-DC81599A7B81}
	EndGlobalSection
EndGlobal
