Microsoft Visual Studio Solution File, Format Version 12.00
# Visual Studio Version 16
VisualStudioVersion = 16.0.28729.10
MinimumVisualStudioVersion = 15.0.26124.0
Project("{9A19103F-16F7-4668-BE54-9A1E7A4F7556}") = "AliceMQ.Rabbit", "src\AliceMQ.Rabbit\AliceMQ.Rabbit.csproj", "{04DFB2C7-4862-4F57-947C-9D67D464C167}"
EndProject
Project("{9A19103F-16F7-4668-BE54-9A1E7A4F7556}") = "AliceMQ.Rabbit.Tests", "test\AliceMQ.Rabbit.Tests\AliceMQ.Rabbit.Tests.csproj", "{E811D5E3-EACB-4607-8F22-D0362986823D}"
EndProject
Project("{9A19103F-16F7-4668-BE54-9A1E7A4F7556}") = "RabbitApp", "test\App\RabbitApp.csproj", "{7616C012-0461-44CB-96CC-05526CBCE661}"
EndProject
Project("{9A19103F-16F7-4668-BE54-9A1E7A4F7556}") = "PubSubTest", "test\PubSubTest\PubSubTest.csproj", "{54986201-E68E-4A37-995C-55825B052438}"
EndProject
Project("{9A19103F-16F7-4668-BE54-9A1E7A4F7556}") = "AliceMQ.PubSub", "src\AliceMQ.GooglePubSub\AliceMQ.PubSub.csproj", "{CA4078B3-542E-452D-A31F-B3C60B48763A}"
EndProject
Project("{9A19103F-16F7-4668-BE54-9A1E7A4F7556}") = "PubSubApp", "test\GoogleApp\PubSubApp.csproj", "{07CA4CD2-CA16-48AF-B948-12874AB824B0}"
EndProject
Project("{6EC3EE1D-3C4E-46DD-8F32-0CC8E7565705}") = "AliceMQ.Domain", "src\AliceMQ.Domain\AliceMQ.Domain.fsproj", "{5439EDA1-8DA7-4DFF-B380-80770AB3C758}"
EndProject
Project("{9A19103F-16F7-4668-BE54-9A1E7A4F7556}") = "AliceMQ.Core", "src\AliceMQ.Core\AliceMQ.Core.csproj", "{BCD4C929-8AC2-4FDA-8A8F-AF50EAB97267}"
EndProject
Project("{2150E333-8FDC-42A3-9474-1A3956D46DE8}") = "src", "src", "{1D589999-5826-4D5C-B979-AE09BCDC52ED}"
EndProject
Project("{2150E333-8FDC-42A3-9474-1A3956D46DE8}") = "test", "test", "{7C99A924-6614-4996-BE8E-5052DB7C9DF3}"
EndProject
Project("{2150E333-8FDC-42A3-9474-1A3956D46DE8}") = "SolutionItems", "SolutionItems", "{0D8A8DB7-CDCC-496F-9E45-7DE5B8F78858}"
	ProjectSection(SolutionItems) = preProject
		.gitignore = .gitignore
		.github\workflows\dotnet.yml = .github\workflows\dotnet.yml
		Licence.md = Licence.md
		README.md = README.md
	EndProjectSection
EndProject
Global
	GlobalSection(SolutionConfigurationPlatforms) = preSolution
		Debug|Any CPU = Debug|Any CPU
		Debug|x64 = Debug|x64
		Debug|x86 = Debug|x86
		Release|Any CPU = Release|Any CPU
		Release|x64 = Release|x64
		Release|x86 = Release|x86
	EndGlobalSection
	GlobalSection(ProjectConfigurationPlatforms) = postSolution
		{04DFB2C7-4862-4F57-947C-9D67D464C167}.Debug|Any CPU.ActiveCfg = Debug|Any CPU
		{04DFB2C7-4862-4F57-947C-9D67D464C167}.Debug|Any CPU.Build.0 = Debug|Any CPU
		{04DFB2C7-4862-4F57-947C-9D67D464C167}.Debug|x64.ActiveCfg = Debug|Any CPU
		{04DFB2C7-4862-4F57-947C-9D67D464C167}.Debug|x64.Build.0 = Debug|Any CPU
		{04DFB2C7-4862-4F57-947C-9D67D464C167}.Debug|x86.ActiveCfg = Debug|Any CPU
		{04DFB2C7-4862-4F57-947C-9D67D464C167}.Debug|x86.Build.0 = Debug|Any CPU
		{04DFB2C7-4862-4F57-947C-9D67D464C167}.Release|Any CPU.ActiveCfg = Release|Any CPU
		{04DFB2C7-4862-4F57-947C-9D67D464C167}.Release|Any CPU.Build.0 = Release|Any CPU
		{04DFB2C7-4862-4F57-947C-9D67D464C167}.Release|x64.ActiveCfg = Release|Any CPU
		{04DFB2C7-4862-4F57-947C-9D67D464C167}.Release|x64.Build.0 = Release|Any CPU
		{04DFB2C7-4862-4F57-947C-9D67D464C167}.Release|x86.ActiveCfg = Release|Any CPU
		{04DFB2C7-4862-4F57-947C-9D67D464C167}.Release|x86.Build.0 = Release|Any CPU
		{E811D5E3-EACB-4607-8F22-D0362986823D}.Debug|Any CPU.ActiveCfg = Debug|Any CPU
		{E811D5E3-EACB-4607-8F22-D0362986823D}.Debug|Any CPU.Build.0 = Debug|Any CPU
		{E811D5E3-EACB-4607-8F22-D0362986823D}.Debug|x64.ActiveCfg = Debug|Any CPU
		{E811D5E3-EACB-4607-8F22-D0362986823D}.Debug|x64.Build.0 = Debug|Any CPU
		{E811D5E3-EACB-4607-8F22-D0362986823D}.Debug|x86.ActiveCfg = Debug|Any CPU
		{E811D5E3-EACB-4607-8F22-D0362986823D}.Debug|x86.Build.0 = Debug|Any CPU
		{E811D5E3-EACB-4607-8F22-D0362986823D}.Release|Any CPU.ActiveCfg = Release|Any CPU
		{E811D5E3-EACB-4607-8F22-D0362986823D}.Release|Any CPU.Build.0 = Release|Any CPU
		{E811D5E3-EACB-4607-8F22-D0362986823D}.Release|x64.ActiveCfg = Release|Any CPU
		{E811D5E3-EACB-4607-8F22-D0362986823D}.Release|x64.Build.0 = Release|Any CPU
		{E811D5E3-EACB-4607-8F22-D0362986823D}.Release|x86.ActiveCfg = Release|Any CPU
		{E811D5E3-EACB-4607-8F22-D0362986823D}.Release|x86.Build.0 = Release|Any CPU
		{7616C012-0461-44CB-96CC-05526CBCE661}.Debug|Any CPU.ActiveCfg = Debug|Any CPU
		{7616C012-0461-44CB-96CC-05526CBCE661}.Debug|Any CPU.Build.0 = Debug|Any CPU
		{7616C012-0461-44CB-96CC-05526CBCE661}.Debug|x64.ActiveCfg = Debug|Any CPU
		{7616C012-0461-44CB-96CC-05526CBCE661}.Debug|x64.Build.0 = Debug|Any CPU
		{7616C012-0461-44CB-96CC-05526CBCE661}.Debug|x86.ActiveCfg = Debug|Any CPU
		{7616C012-0461-44CB-96CC-05526CBCE661}.Debug|x86.Build.0 = Debug|Any CPU
		{7616C012-0461-44CB-96CC-05526CBCE661}.Release|Any CPU.ActiveCfg = Release|Any CPU
		{7616C012-0461-44CB-96CC-05526CBCE661}.Release|Any CPU.Build.0 = Release|Any CPU
		{7616C012-0461-44CB-96CC-05526CBCE661}.Release|x64.ActiveCfg = Release|Any CPU
		{7616C012-0461-44CB-96CC-05526CBCE661}.Release|x64.Build.0 = Release|Any CPU
		{7616C012-0461-44CB-96CC-05526CBCE661}.Release|x86.ActiveCfg = Release|Any CPU
		{7616C012-0461-44CB-96CC-05526CBCE661}.Release|x86.Build.0 = Release|Any CPU
		{54986201-E68E-4A37-995C-55825B052438}.Debug|Any CPU.ActiveCfg = Debug|Any CPU
		{54986201-E68E-4A37-995C-55825B052438}.Debug|Any CPU.Build.0 = Debug|Any CPU
		{54986201-E68E-4A37-995C-55825B052438}.Debug|x64.ActiveCfg = Debug|Any CPU
		{54986201-E68E-4A37-995C-55825B052438}.Debug|x64.Build.0 = Debug|Any CPU
		{54986201-E68E-4A37-995C-55825B052438}.Debug|x86.ActiveCfg = Debug|Any CPU
		{54986201-E68E-4A37-995C-55825B052438}.Debug|x86.Build.0 = Debug|Any CPU
		{54986201-E68E-4A37-995C-55825B052438}.Release|Any CPU.ActiveCfg = Release|Any CPU
		{54986201-E68E-4A37-995C-55825B052438}.Release|Any CPU.Build.0 = Release|Any CPU
		{54986201-E68E-4A37-995C-55825B052438}.Release|x64.ActiveCfg = Release|Any CPU
		{54986201-E68E-4A37-995C-55825B052438}.Release|x64.Build.0 = Release|Any CPU
		{54986201-E68E-4A37-995C-55825B052438}.Release|x86.ActiveCfg = Release|Any CPU
		{54986201-E68E-4A37-995C-55825B052438}.Release|x86.Build.0 = Release|Any CPU
		{CA4078B3-542E-452D-A31F-B3C60B48763A}.Debug|Any CPU.ActiveCfg = Debug|Any CPU
		{CA4078B3-542E-452D-A31F-B3C60B48763A}.Debug|Any CPU.Build.0 = Debug|Any CPU
		{CA4078B3-542E-452D-A31F-B3C60B48763A}.Debug|x64.ActiveCfg = Debug|Any CPU
		{CA4078B3-542E-452D-A31F-B3C60B48763A}.Debug|x64.Build.0 = Debug|Any CPU
		{CA4078B3-542E-452D-A31F-B3C60B48763A}.Debug|x86.ActiveCfg = Debug|Any CPU
		{CA4078B3-542E-452D-A31F-B3C60B48763A}.Debug|x86.Build.0 = Debug|Any CPU
		{CA4078B3-542E-452D-A31F-B3C60B48763A}.Release|Any CPU.ActiveCfg = Release|Any CPU
		{CA4078B3-542E-452D-A31F-B3C60B48763A}.Release|Any CPU.Build.0 = Release|Any CPU
		{CA4078B3-542E-452D-A31F-B3C60B48763A}.Release|x64.ActiveCfg = Release|Any CPU
		{CA4078B3-542E-452D-A31F-B3C60B48763A}.Release|x64.Build.0 = Release|Any CPU
		{CA4078B3-542E-452D-A31F-B3C60B48763A}.Release|x86.ActiveCfg = Release|Any CPU
		{CA4078B3-542E-452D-A31F-B3C60B48763A}.Release|x86.Build.0 = Release|Any CPU
		{07CA4CD2-CA16-48AF-B948-12874AB824B0}.Debug|Any CPU.ActiveCfg = Debug|Any CPU
		{07CA4CD2-CA16-48AF-B948-12874AB824B0}.Debug|Any CPU.Build.0 = Debug|Any CPU
		{07CA4CD2-CA16-48AF-B948-12874AB824B0}.Debug|x64.ActiveCfg = Debug|Any CPU
		{07CA4CD2-CA16-48AF-B948-12874AB824B0}.Debug|x64.Build.0 = Debug|Any CPU
		{07CA4CD2-CA16-48AF-B948-12874AB824B0}.Debug|x86.ActiveCfg = Debug|Any CPU
		{07CA4CD2-CA16-48AF-B948-12874AB824B0}.Debug|x86.Build.0 = Debug|Any CPU
		{07CA4CD2-CA16-48AF-B948-12874AB824B0}.Release|Any CPU.ActiveCfg = Release|Any CPU
		{07CA4CD2-CA16-48AF-B948-12874AB824B0}.Release|Any CPU.Build.0 = Release|Any CPU
		{07CA4CD2-CA16-48AF-B948-12874AB824B0}.Release|x64.ActiveCfg = Release|Any CPU
		{07CA4CD2-CA16-48AF-B948-12874AB824B0}.Release|x64.Build.0 = Release|Any CPU
		{07CA4CD2-CA16-48AF-B948-12874AB824B0}.Release|x86.ActiveCfg = Release|Any CPU
		{07CA4CD2-CA16-48AF-B948-12874AB824B0}.Release|x86.Build.0 = Release|Any CPU
		{5439EDA1-8DA7-4DFF-B380-80770AB3C758}.Debug|Any CPU.ActiveCfg = Debug|Any CPU
		{5439EDA1-8DA7-4DFF-B380-80770AB3C758}.Debug|Any CPU.Build.0 = Debug|Any CPU
		{5439EDA1-8DA7-4DFF-B380-80770AB3C758}.Debug|x64.ActiveCfg = Debug|Any CPU
		{5439EDA1-8DA7-4DFF-B380-80770AB3C758}.Debug|x64.Build.0 = Debug|Any CPU
		{5439EDA1-8DA7-4DFF-B380-80770AB3C758}.Debug|x86.ActiveCfg = Debug|Any CPU
		{5439EDA1-8DA7-4DFF-B380-80770AB3C758}.Debug|x86.Build.0 = Debug|Any CPU
		{5439EDA1-8DA7-4DFF-B380-80770AB3C758}.Release|Any CPU.ActiveCfg = Release|Any CPU
		{5439EDA1-8DA7-4DFF-B380-80770AB3C758}.Release|Any CPU.Build.0 = Release|Any CPU
		{5439EDA1-8DA7-4DFF-B380-80770AB3C758}.Release|x64.ActiveCfg = Release|Any CPU
		{5439EDA1-8DA7-4DFF-B380-80770AB3C758}.Release|x64.Build.0 = Release|Any CPU
		{5439EDA1-8DA7-4DFF-B380-80770AB3C758}.Release|x86.ActiveCfg = Release|Any CPU
		{5439EDA1-8DA7-4DFF-B380-80770AB3C758}.Release|x86.Build.0 = Release|Any CPU
		{BCD4C929-8AC2-4FDA-8A8F-AF50EAB97267}.Debug|Any CPU.ActiveCfg = Debug|Any CPU
		{BCD4C929-8AC2-4FDA-8A8F-AF50EAB97267}.Debug|Any CPU.Build.0 = Debug|Any CPU
		{BCD4C929-8AC2-4FDA-8A8F-AF50EAB97267}.Debug|x64.ActiveCfg = Debug|Any CPU
		{BCD4C929-8AC2-4FDA-8A8F-AF50EAB97267}.Debug|x64.Build.0 = Debug|Any CPU
		{BCD4C929-8AC2-4FDA-8A8F-AF50EAB97267}.Debug|x86.ActiveCfg = Debug|Any CPU
		{BCD4C929-8AC2-4FDA-8A8F-AF50EAB97267}.Debug|x86.Build.0 = Debug|Any CPU
		{BCD4C929-8AC2-4FDA-8A8F-AF50EAB97267}.Release|Any CPU.ActiveCfg = Release|Any CPU
		{BCD4C929-8AC2-4FDA-8A8F-AF50EAB97267}.Release|Any CPU.Build.0 = Release|Any CPU
		{BCD4C929-8AC2-4FDA-8A8F-AF50EAB97267}.Release|x64.ActiveCfg = Release|Any CPU
		{BCD4C929-8AC2-4FDA-8A8F-AF50EAB97267}.Release|x64.Build.0 = Release|Any CPU
		{BCD4C929-8AC2-4FDA-8A8F-AF50EAB97267}.Release|x86.ActiveCfg = Release|Any CPU
		{BCD4C929-8AC2-4FDA-8A8F-AF50EAB97267}.Release|x86.Build.0 = Release|Any CPU
	EndGlobalSection
	GlobalSection(SolutionProperties) = preSolution
		HideSolutionNode = FALSE
	EndGlobalSection
	GlobalSection(NestedProjects) = preSolution
		{04DFB2C7-4862-4F57-947C-9D67D464C167} = {1D589999-5826-4D5C-B979-AE09BCDC52ED}
		{E811D5E3-EACB-4607-8F22-D0362986823D} = {7C99A924-6614-4996-BE8E-5052DB7C9DF3}
		{7616C012-0461-44CB-96CC-05526CBCE661} = {7C99A924-6614-4996-BE8E-5052DB7C9DF3}
		{54986201-E68E-4A37-995C-55825B052438} = {7C99A924-6614-4996-BE8E-5052DB7C9DF3}
		{CA4078B3-542E-452D-A31F-B3C60B48763A} = {1D589999-5826-4D5C-B979-AE09BCDC52ED}
		{07CA4CD2-CA16-48AF-B948-12874AB824B0} = {7C99A924-6614-4996-BE8E-5052DB7C9DF3}
		{5439EDA1-8DA7-4DFF-B380-80770AB3C758} = {1D589999-5826-4D5C-B979-AE09BCDC52ED}
		{BCD4C929-8AC2-4FDA-8A8F-AF50EAB97267} = {1D589999-5826-4D5C-B979-AE09BCDC52ED}
	EndGlobalSection
	GlobalSection(ExtensibilityGlobals) = postSolution
		SolutionGuid = {5F81AD86-F575-4CD9-B15F-DC81599A7B81}
	EndGlobalSection
EndGlobal
